<Solution>
  <Folder Name="/Solution Items/">
    <File Path=".gitignore" />
    <File Path="CHANGELOG.md" />
    <File Path="cliff.toml" />
  </Folder>
  <Project Path="Client/Client.csproj" />
  <Project Path="Server/Server.csproj" Id="194ea6e6-7231-4180-88f3-ad5632adb71d">
    <Build Solution="Debug|*" Project="false" />
  </Project>
</Solution>
